
Microsoft Visual Studio Solution File, Format Version 12.00
# Visual Studio Version 16
VisualStudioVersion = 16.0.29609.76
MinimumVisualStudioVersion = 10.0.40219.1
Project("{9A19103F-16F7-4668-BE54-9A1E7A4F7556}") = "DbSeed", "DbSeed.csproj", "{5BB5293E-18BC-4EEA-B3DE-121A7B852E0E}"
EndProject
Global
	GlobalSection(SolutionConfigurationPlatforms) = preSolution
		Debug|Any CPU = Debug|Any CPU
		Release|Any CPU = Release|Any CPU
	EndGlobalSection
	GlobalSection(ProjectConfigurationPlatforms) = postSolution
		{5BB5293E-18BC-4EEA-B3DE-121A7B852E0E}.Debug|Any CPU.ActiveCfg = Debug|Any CPU
		{5BB5293E-18BC-4EEA-B3DE-121A7B852E0E}.Debug|Any CPU.Build.0 = Debug|Any CPU
		{5BB5293E-18BC-4EEA-B3DE-121A7B852E0E}.Release|Any CPU.ActiveCfg = Release|Any CPU
		{5BB5293E-18BC-4EEA-B3DE-121A7B852E0E}.Release|Any CPU.Build.0 = Release|Any CPU
	EndGlobalSection
	GlobalSection(SolutionProperties) = preSolution
		HideSolutionNode = FALSE
	EndGlobalSection
	GlobalSection(ExtensibilityGlobals) = postSolution
		SolutionGuid = {A8C227ED-6DA4-4189-8E00-B7A5CB57351A}
	EndGlobalSection
EndGlobal
